
Microsoft Visual Studio Solution File, Format Version 12.00
# Visual Studio Version 17
VisualStudioVersion = 17.9.34714.143
MinimumVisualStudioVersion = 10.0.40219.1
Project("{FAE04EC0-301F-11D3-BF4B-00C04F79EFBC}") = "QL_BanHang", "QL_BanHang.csproj", "{F02044BC-E466-4A87-9AA3-BA58C9680B1C}"
EndProject
Global
	GlobalSection(SolutionConfigurationPlatforms) = preSolution
		Debug|Any CPU = Debug|Any CPU
		Release|Any CPU = Release|Any CPU
	EndGlobalSection
	GlobalSection(ProjectConfigurationPlatforms) = postSolution
		{F02044BC-E466-4A87-9AA3-BA58C9680B1C}.Debug|Any CPU.ActiveCfg = Debug|Any CPU
		{F02044BC-E466-4A87-9AA3-BA58C9680B1C}.Debug|Any CPU.Build.0 = Debug|Any CPU
		{F02044BC-E466-4A87-9AA3-BA58C9680B1C}.Release|Any CPU.ActiveCfg = Release|Any CPU
		{F02044BC-E466-4A87-9AA3-BA58C9680B1C}.Release|Any CPU.Build.0 = Release|Any CPU
	EndGlobalSection
	GlobalSection(SolutionProperties) = preSolution
		HideSolutionNode = FALSE
	EndGlobalSection
	GlobalSection(ExtensibilityGlobals) = postSolution
		SolutionGuid = {952D5401-E8E8-4CDC-8104-3E7B47E1B517}
	EndGlobalSection
EndGlobal
